// !$*UTF8*$!
{
	archiveVersion = 1;
	classes = {
	};
	objectVersion = 51;
	objects = {

/* Begin PBXBuildFile section */
		0CF2138C1B09291073ACA2DA /* Pods_GDONG.framework in Frameworks */ = {isa = PBXBuildFile; fileRef = B5CB9861EE62390BC891B506 /* Pods_GDONG.framework */; };
		4029811026E504B500F1EB07 /* TableViewCell.xib in Resources */ = {isa = PBXBuildFile; fileRef = 4029810F26E504B500F1EB07 /* TableViewCell.xib */; };
		4029811226E504CC00F1EB07 /* ChatListCell.xib in Resources */ = {isa = PBXBuildFile; fileRef = 4029811126E504CC00F1EB07 /* ChatListCell.xib */; };
		4029811426E5072700F1EB07 /* UserInfo.storyboard in Resources */ = {isa = PBXBuildFile; fileRef = 4029811326E5072700F1EB07 /* UserInfo.storyboard */; };
		409D0E3526B5A64700D67626 /* (null) in Sources */ = {isa = PBXBuildFile; };
		8E0A5BEE26DBD99000B14118 /* Assets.xcassets in Resources */ = {isa = PBXBuildFile; fileRef = 8E0A5BED26DBD99000B14118 /* Assets.xcassets */; };
		8E0A5BF426DE6C6700B14118 /* PopularBoardCell.xib in Sources */ = {isa = PBXBuildFile; fileRef = 8EB54A9726CE2B44009C7F7C /* PopularBoardCell.xib */; };
		8E0A5BF526DE6C6B00B14118 /* PopularPeopleCell.swift in Sources */ = {isa = PBXBuildFile; fileRef = 8EB54A9A26CE2B44009C7F7C /* PopularPeopleCell.swift */; };
		8E0A5BF626DE6C6D00B14118 /* PopularPeopleCell.xib in Sources */ = {isa = PBXBuildFile; fileRef = 8EB54A9826CE2B44009C7F7C /* PopularPeopleCell.xib */; };
		8E1DA7B8268AF13B0049E658 /* GetUserProfileViewController.swift in Sources */ = {isa = PBXBuildFile; fileRef = 8E1DA7B7268AF13B0049E658 /* GetUserProfileViewController.swift */; };
		8E1DA7BA268B69F80049E658 /* Chat.swift in Sources */ = {isa = PBXBuildFile; fileRef = 8E1DA7B9268B69F80049E658 /* Chat.swift */; };
		8E1DA7BC268B6A020049E658 /* ChatUser.swift in Sources */ = {isa = PBXBuildFile; fileRef = 8E1DA7BB268B6A020049E658 /* ChatUser.swift */; };
		8E1DA7BE268B6A1F0049E658 /* Messages.swift in Sources */ = {isa = PBXBuildFile; fileRef = 8E1DA7BD268B6A1F0049E658 /* Messages.swift */; };
		8E42FEF1261D958100763B61 /* AppDelegate.swift in Sources */ = {isa = PBXBuildFile; fileRef = 8E42FEF0261D958100763B61 /* AppDelegate.swift */; };
		8E42FEF3261D958100763B61 /* SceneDelegate.swift in Sources */ = {isa = PBXBuildFile; fileRef = 8E42FEF2261D958100763B61 /* SceneDelegate.swift */; };
		8E42FEF8261D958100763B61 /* Main.storyboard in Resources */ = {isa = PBXBuildFile; fileRef = 8E42FEF6261D958100763B61 /* Main.storyboard */; };
		8E42FEFB261D958100763B61 /* GDONG.xcdatamodeld in Sources */ = {isa = PBXBuildFile; fileRef = 8E42FEF9261D958100763B61 /* GDONG.xcdatamodeld */; };
		8E42FF00261D958800763B61 /* LaunchScreen.storyboard in Resources */ = {isa = PBXBuildFile; fileRef = 8E42FEFE261D958800763B61 /* LaunchScreen.storyboard */; };
		8E42FF0A261D9B4600763B61 /* LoginViewController.swift in Sources */ = {isa = PBXBuildFile; fileRef = 8E42FF09261D9B4600763B61 /* LoginViewController.swift */; };
		8E61FDD926301739008CCB8A /* Model.swift in Sources */ = {isa = PBXBuildFile; fileRef = 8E61FDD826301739008CCB8A /* Model.swift */; };
		8E61FDDD26301797008CCB8A /* Dummy.swift in Sources */ = {isa = PBXBuildFile; fileRef = 8E61FDDC26301797008CCB8A /* Dummy.swift */; };
		8E6C083D2624B1D0009CE9C3 /* AuthenticationViewModel.swift in Sources */ = {isa = PBXBuildFile; fileRef = 8E6C083C2624B1D0009CE9C3 /* AuthenticationViewModel.swift */; };
		8E70C1CC2691F445006F1D2C /* PostService.swift in Sources */ = {isa = PBXBuildFile; fileRef = 8E70C1CB2691F445006F1D2C /* PostService.swift */; };
		8E772B60267C8C6D0034C2BF /* Extension.swift in Sources */ = {isa = PBXBuildFile; fileRef = 8E772B5F267C8C6D0034C2BF /* Extension.swift */; };
		8E772B6E267C8C750034C2BF /* PhotoCollectionViewCell.xib in Resources */ = {isa = PBXBuildFile; fileRef = 8E772B62267C8C750034C2BF /* PhotoCollectionViewCell.xib */; };
		8E772B6F267C8C750034C2BF /* PriceCell.xib in Resources */ = {isa = PBXBuildFile; fileRef = 8E772B63267C8C750034C2BF /* PriceCell.xib */; };
		8E772B70267C8C750034C2BF /* ViewCells.swift in Sources */ = {isa = PBXBuildFile; fileRef = 8E772B64267C8C750034C2BF /* ViewCells.swift */; };
		8E772B71267C8C750034C2BF /* PhotoCell.xib in Resources */ = {isa = PBXBuildFile; fileRef = 8E772B65267C8C750034C2BF /* PhotoCell.xib */; };
		8E772B72267C8C750034C2BF /* CreateNewItemViewController.swift in Sources */ = {isa = PBXBuildFile; fileRef = 8E772B66267C8C750034C2BF /* CreateNewItemViewController.swift */; };
		8E772B73267C8C750034C2BF /* CreateNewItem.storyboard in Resources */ = {isa = PBXBuildFile; fileRef = 8E772B67267C8C750034C2BF /* CreateNewItem.storyboard */; };
		8E772B74267C8C750034C2BF /* CategoryCell.xib in Resources */ = {isa = PBXBuildFile; fileRef = 8E772B68267C8C750034C2BF /* CategoryCell.xib */; };
		8E772B76267C8C750034C2BF /* CategoryTableView.storyboard in Resources */ = {isa = PBXBuildFile; fileRef = 8E772B6A267C8C750034C2BF /* CategoryTableView.storyboard */; };
		8E772B77267C8C750034C2BF /* CategoryTableViewController.swift in Sources */ = {isa = PBXBuildFile; fileRef = 8E772B6B267C8C750034C2BF /* CategoryTableViewController.swift */; };
		8E772B78267C8C750034C2BF /* EntityCell.xib in Resources */ = {isa = PBXBuildFile; fileRef = 8E772B6C267C8C750034C2BF /* EntityCell.xib */; };
		8E772B79267C8C750034C2BF /* PhotoCollectionViewCell.swift in Sources */ = {isa = PBXBuildFile; fileRef = 8E772B6D267C8C750034C2BF /* PhotoCollectionViewCell.swift */; };
		8E772B85267C8CA40034C2BF /* ChatListCell.swift in Sources */ = {isa = PBXBuildFile; fileRef = 8E772B7B267C8CA40034C2BF /* ChatListCell.swift */; };
		8E772B86267C8CA40034C2BF /* RecentSearchTableViewCell.xib in Resources */ = {isa = PBXBuildFile; fileRef = 8E772B7C267C8CA40034C2BF /* RecentSearchTableViewCell.xib */; };
		8E772B88267C8CA40034C2BF /* categoryCollectionViewCell.swift in Sources */ = {isa = PBXBuildFile; fileRef = 8E772B7E267C8CA40034C2BF /* categoryCollectionViewCell.swift */; };
		8E772B89267C8CA40034C2BF /* TableViewCell.swift in Sources */ = {isa = PBXBuildFile; fileRef = 8E772B7F267C8CA40034C2BF /* TableViewCell.swift */; };
		8E772B8A267C8CA40034C2BF /* TitleTableViewCell.xib in Resources */ = {isa = PBXBuildFile; fileRef = 8E772B80267C8CA40034C2BF /* TitleTableViewCell.xib */; };
		8E772B8C267C8CA40034C2BF /* TitleTableViewCell.swift in Sources */ = {isa = PBXBuildFile; fileRef = 8E772B82267C8CA40034C2BF /* TitleTableViewCell.swift */; };
		8E772B8D267C8CA40034C2BF /* categoryCollectionViewCell.xib in Resources */ = {isa = PBXBuildFile; fileRef = 8E772B83267C8CA40034C2BF /* categoryCollectionViewCell.xib */; };
		8E772B8E267C8CA40034C2BF /* RecentSearchTableViewCell.swift in Sources */ = {isa = PBXBuildFile; fileRef = 8E772B84267C8CA40034C2BF /* RecentSearchTableViewCell.swift */; };
		8E772B90267C8CB30034C2BF /* ProfileViewController.swift in Sources */ = {isa = PBXBuildFile; fileRef = 8E772B8F267C8CB30034C2BF /* ProfileViewController.swift */; };
		8E772BA2267C8CD10034C2BF /* DetailNoteViewController.swift in Sources */ = {isa = PBXBuildFile; fileRef = 8E772B92267C8CD10034C2BF /* DetailNoteViewController.swift */; };
		8E772BA3267C8CD10034C2BF /* ChatListViewController.swift in Sources */ = {isa = PBXBuildFile; fileRef = 8E772B93267C8CD10034C2BF /* ChatListViewController.swift */; };
		8E772BA4267C8CD10034C2BF /* SearchViewController.swift in Sources */ = {isa = PBXBuildFile; fileRef = 8E772B95267C8CD10034C2BF /* SearchViewController.swift */; };
		8E772BA5267C8CD10034C2BF /* SearchResultViewController.swift in Sources */ = {isa = PBXBuildFile; fileRef = 8E772B96267C8CD10034C2BF /* SearchResultViewController.swift */; };
		8E772BA7267C8CD10034C2BF /* RecentSearchViewController.swift in Sources */ = {isa = PBXBuildFile; fileRef = 8E772B98267C8CD10034C2BF /* RecentSearchViewController.swift */; };
		8E772BA8267C8CD10034C2BF /* SearchFilteringViewController.swift in Sources */ = {isa = PBXBuildFile; fileRef = 8E772B99267C8CD10034C2BF /* SearchFilteringViewController.swift */; };
		8E772BA9267C8CD10034C2BF /* RecentSearchAllTableViewController.swift in Sources */ = {isa = PBXBuildFile; fileRef = 8E772B9A267C8CD10034C2BF /* RecentSearchAllTableViewController.swift */; };
		8E772BAA267C8CD10034C2BF /* MainViewController.swift in Sources */ = {isa = PBXBuildFile; fileRef = 8E772B9B267C8CD10034C2BF /* MainViewController.swift */; };
		8E772BAB267C8CD10034C2BF /* RecommendViewController.swift in Sources */ = {isa = PBXBuildFile; fileRef = 8E772B9C267C8CD10034C2BF /* RecommendViewController.swift */; };
		8E772BAC267C8CD10034C2BF /* MyPostViewController.swift in Sources */ = {isa = PBXBuildFile; fileRef = 8E772B9E267C8CD10034C2BF /* MyPostViewController.swift */; };
		8E772BAE267C8CD10034C2BF /* SellViewController.swift in Sources */ = {isa = PBXBuildFile; fileRef = 8E772BA0267C8CD10034C2BF /* SellViewController.swift */; };
		8E772BAF267C8CD10034C2BF /* BuyViewController.swift in Sources */ = {isa = PBXBuildFile; fileRef = 8E772BA1267C8CD10034C2BF /* BuyViewController.swift */; };
		8E772BB2267C8CE70034C2BF /* MainViewModel.swift in Sources */ = {isa = PBXBuildFile; fileRef = 8E772BB1267C8CE70034C2BF /* MainViewModel.swift */; };
		8E772BBC267C8D7D0034C2BF /* perfume.jpg in Resources */ = {isa = PBXBuildFile; fileRef = 8E772BB8267C8D7D0034C2BF /* perfume.jpg */; };
		8E772BBD267C8D7D0034C2BF /* strawberry.jpg in Resources */ = {isa = PBXBuildFile; fileRef = 8E772BB9267C8D7D0034C2BF /* strawberry.jpg */; };
		8E772BBE267C8D7D0034C2BF /* cero.jpg in Resources */ = {isa = PBXBuildFile; fileRef = 8E772BBA267C8D7D0034C2BF /* cero.jpg */; };
		8E772BBF267C8D7D0034C2BF /* bigapple.jpg in Resources */ = {isa = PBXBuildFile; fileRef = 8E772BBB267C8D7D0034C2BF /* bigapple.jpg */; };
		8E772BC1267C8DAE0034C2BF /* RecommendModel.swift in Sources */ = {isa = PBXBuildFile; fileRef = 8E772BC0267C8DAE0034C2BF /* RecommendModel.swift */; };
		8E772BC3267C8DB80034C2BF /* MainModel.swift in Sources */ = {isa = PBXBuildFile; fileRef = 8E772BC2267C8DB80034C2BF /* MainModel.swift */; };
		8E772BC5267C8DC00034C2BF /* ChatListModel.swift in Sources */ = {isa = PBXBuildFile; fileRef = 8E772BC4267C8DC00034C2BF /* ChatListModel.swift */; };
		8E772BC7267C8FFB0034C2BF /* KeychainItem.swift in Sources */ = {isa = PBXBuildFile; fileRef = 8E772BC6267C8FFB0034C2BF /* KeychainItem.swift */; };
		8E87F2722680FA6C009BFDDB /* FolloViewController.swift in Sources */ = {isa = PBXBuildFile; fileRef = 8E87F2712680FA6B009BFDDB /* FolloViewController.swift */; };
		8E9A61D926BE7BD0007AD6EB /* BuySellTableViewCell.xib in Resources */ = {isa = PBXBuildFile; fileRef = 8E9A61D726BE7BCF007AD6EB /* BuySellTableViewCell.xib */; };
		8EB54A9226CE2A63009C7F7C /* LoginService.swift in Sources */ = {isa = PBXBuildFile; fileRef = 8EB54A9126CE2A63009C7F7C /* LoginService.swift */; };
		8EB54A9426CE2A80009C7F7C /* PushService.swift in Sources */ = {isa = PBXBuildFile; fileRef = 8EB54A9326CE2A80009C7F7C /* PushService.swift */; };
		8EB54A9626CE2A9C009C7F7C /* UserService.swift in Sources */ = {isa = PBXBuildFile; fileRef = 8EB54A9526CE2A9C009C7F7C /* UserService.swift */; };
		8EB54A9D26CE2B44009C7F7C /* PopularBoardCell.swift in Sources */ = {isa = PBXBuildFile; fileRef = 8EB54A9926CE2B44009C7F7C /* PopularBoardCell.swift */; };
		8EB54A9E26CE2B44009C7F7C /* PopularPeopleCell.swift in Resources */ = {isa = PBXBuildFile; fileRef = 8EB54A9A26CE2B44009C7F7C /* PopularPeopleCell.swift */; };
		8EC87291266616DF00C1B7C5 /* (null) in Sources */ = {isa = PBXBuildFile; };
		8ED15E9F2696D816002943C9 /* InputTableViewCell.xib in Resources */ = {isa = PBXBuildFile; fileRef = 8ED15E9D2696D815002943C9 /* InputTableViewCell.xib */; };
		8ED15EA02696D816002943C9 /* InputTableViewCell.swift in Sources */ = {isa = PBXBuildFile; fileRef = 8ED15E9E2696D815002943C9 /* InputTableViewCell.swift */; };
		8ED15EA52696F173002943C9 /* Config.swift in Sources */ = {isa = PBXBuildFile; fileRef = 8ED15EA42696F173002943C9 /* Config.swift */; };
		8ED15EAD269AEAD2002943C9 /* Search.storyboard in Resources */ = {isa = PBXBuildFile; fileRef = 8ED15EAC269AEAD1002943C9 /* Search.storyboard */; };
		8EDD9A1A2674B046003AFE65 /* UserDefaultKey.swift in Sources */ = {isa = PBXBuildFile; fileRef = 8EDD9A192674B045003AFE65 /* UserDefaultKey.swift */; };
		8EF00F18265785B700AA1EEA /* API.swift in Sources */ = {isa = PBXBuildFile; fileRef = 8EF00F17265785B700AA1EEA /* API.swift */; };
		8EF288712660EC9500840302 /* NickNameViewController.swift in Sources */ = {isa = PBXBuildFile; fileRef = 8EF288702660EC9500840302 /* NickNameViewController.swift */; };
		8EF288732660EE3F00840302 /* LocationViewController.swift in Sources */ = {isa = PBXBuildFile; fileRef = 8EF288722660EE3F00840302 /* LocationViewController.swift */; };
		8EF2887526627DDF00840302 /* detailLocationViewController.swift in Sources */ = {isa = PBXBuildFile; fileRef = 8EF2887426627DDF00840302 /* detailLocationViewController.swift */; };
		8EF2887C2662A97500840302 /* JusoTableViewCell.swift in Sources */ = {isa = PBXBuildFile; fileRef = 8EF2887A2662A97500840302 /* JusoTableViewCell.swift */; };
		8EF2887D2662A97500840302 /* JusoTableViewCell.xib in Resources */ = {isa = PBXBuildFile; fileRef = 8EF2887B2662A97500840302 /* JusoTableViewCell.xib */; };
		8EF3BFA0268EE94100415150 /* AdditionalInfo.storyboard in Resources */ = {isa = PBXBuildFile; fileRef = 8EF3BF9F268EE87400415150 /* AdditionalInfo.storyboard */; };
		8EF8F1FB26935DFD0034BD99 /* NeedCell.xib in Resources */ = {isa = PBXBuildFile; fileRef = 8EF8F1F926935DFD0034BD99 /* NeedCell.xib */; };
		8EF8F20126935FD90034BD99 /* LinkCell.xib in Resources */ = {isa = PBXBuildFile; fileRef = 8EF8F1FF26935FD90034BD99 /* LinkCell.xib */; };
		8EF8F2052694B73B0034BD99 /* ContentTableViewCell.swift in Sources */ = {isa = PBXBuildFile; fileRef = 8EF8F2032694B73A0034BD99 /* ContentTableViewCell.swift */; };
		8EF8F2062694B73B0034BD99 /* ContentTableViewCell.xib in Resources */ = {isa = PBXBuildFile; fileRef = 8EF8F2042694B73A0034BD99 /* ContentTableViewCell.xib */; };
		8EF8F2092694B8310034BD99 /* LinkTableViewCell.swift in Sources */ = {isa = PBXBuildFile; fileRef = 8EF8F2072694B8310034BD99 /* LinkTableViewCell.swift */; };
		8EF8F20A2694B8310034BD99 /* LinkTableViewCell.xib in Resources */ = {isa = PBXBuildFile; fileRef = 8EF8F2082694B8310034BD99 /* LinkTableViewCell.xib */; };
		8EF8F20D2694B9620034BD99 /* PriceAndPeopleTableViewCell.swift in Sources */ = {isa = PBXBuildFile; fileRef = 8EF8F20B2694B9620034BD99 /* PriceAndPeopleTableViewCell.swift */; };
		8EF8F20E2694B9620034BD99 /* PriceAndPeopleTableViewCell.xib in Resources */ = {isa = PBXBuildFile; fileRef = 8EF8F20C2694B9620034BD99 /* PriceAndPeopleTableViewCell.xib */; };
		8EF8F2112694BB1B0034BD99 /* ViewAndLikeTableViewCell.swift in Sources */ = {isa = PBXBuildFile; fileRef = 8EF8F20F2694BB1B0034BD99 /* ViewAndLikeTableViewCell.swift */; };
		8EF8F2122694BB1B0034BD99 /* ViewAndLikeTableViewCell.xib in Resources */ = {isa = PBXBuildFile; fileRef = 8EF8F2102694BB1B0034BD99 /* ViewAndLikeTableViewCell.xib */; };
		8EF8F7952681BF36003ADFA9 /* EditProfileViewController.swift in Sources */ = {isa = PBXBuildFile; fileRef = 8EF8F7942681BF36003ADFA9 /* EditProfileViewController.swift */; };
		8EF8F7982681E5D2003ADFA9 /* FolloTableViewCell.swift in Sources */ = {isa = PBXBuildFile; fileRef = 8EF8F7962681E5D2003ADFA9 /* FolloTableViewCell.swift */; };
		8EF8F7992681E5D2003ADFA9 /* FolloTableViewCell.xib in Resources */ = {isa = PBXBuildFile; fileRef = 8EF8F7972681E5D2003ADFA9 /* FolloTableViewCell.xib */; };
		8EF8F7A426846864003ADFA9 /* ChatViewController.swift in Sources */ = {isa = PBXBuildFile; fileRef = 8EF8F7A326846864003ADFA9 /* ChatViewController.swift */; };
		8EF8F7A6268468C5003ADFA9 /* MessageModel.swift in Sources */ = {isa = PBXBuildFile; fileRef = 8EF8F7A5268468C5003ADFA9 /* MessageModel.swift */; };
		8EF8F7AD268595D6003ADFA9 /* GoogleService-Info.plist in Resources */ = {isa = PBXBuildFile; fileRef = 8EF8F7AC268595D6003ADFA9 /* GoogleService-Info.plist */; };
		8EF8F7AF268598DA003ADFA9 /* StorageManager.swift in Sources */ = {isa = PBXBuildFile; fileRef = 8EF8F7AE268598DA003ADFA9 /* StorageManager.swift */; };
		8EF8F7B226859CE7003ADFA9 /* DatabaseManager.swift in Sources */ = {isa = PBXBuildFile; fileRef = 8EF8F7B126859CE7003ADFA9 /* DatabaseManager.swift */; };
		8EF8F7C12689C859003ADFA9 /* Chat.storyboard in Resources */ = {isa = PBXBuildFile; fileRef = 8EF8F7C02689C859003ADFA9 /* Chat.storyboard */; };
		8EF8F7C32689C903003ADFA9 /* TitleCell.xib in Resources */ = {isa = PBXBuildFile; fileRef = 8EF8F7C22689C903003ADFA9 /* TitleCell.xib */; };
		8EF8F7C52689C91B003ADFA9 /* ViewController.swift in Sources */ = {isa = PBXBuildFile; fileRef = 8EF8F7C42689C91B003ADFA9 /* ViewController.swift */; };
		8EF8F7CE2689D076003ADFA9 /* Login.storyboard in Resources */ = {isa = PBXBuildFile; fileRef = 8EF8F7CD2689D076003ADFA9 /* Login.storyboard */; };
		8EFFBFB026BAA1AF007C1868 /* ChatService.swift in Sources */ = {isa = PBXBuildFile; fileRef = 8EFFBFAF26BAA1AF007C1868 /* ChatService.swift */; };
/* End PBXBuildFile section */

/* Begin PBXCopyFilesBuildPhase section */
		8E1D606326B92B9700DF53FE /* Embed App Extensions */ = {
			isa = PBXCopyFilesBuildPhase;
			buildActionMask = 2147483647;
			dstPath = "";
			dstSubfolderSpec = 13;
			files = (
			);
			name = "Embed App Extensions";
			runOnlyForDeploymentPostprocessing = 0;
		};
/* End PBXCopyFilesBuildPhase section */

/* Begin PBXFileReference section */
		4029810F26E504B500F1EB07 /* TableViewCell.xib */ = {isa = PBXFileReference; fileEncoding = 4; lastKnownFileType = file.xib; path = TableViewCell.xib; sourceTree = "<group>"; };
		4029811126E504CC00F1EB07 /* ChatListCell.xib */ = {isa = PBXFileReference; fileEncoding = 4; lastKnownFileType = file.xib; path = ChatListCell.xib; sourceTree = "<group>"; };
		4029811326E5072700F1EB07 /* UserInfo.storyboard */ = {isa = PBXFileReference; fileEncoding = 4; lastKnownFileType = file.storyboard; path = UserInfo.storyboard; sourceTree = "<group>"; };
		8E0A5BED26DBD99000B14118 /* Assets.xcassets */ = {isa = PBXFileReference; lastKnownFileType = folder.assetcatalog; name = Assets.xcassets; path = "../../../../../GDONG-front-main/GDONG/Assets.xcassets"; sourceTree = "<group>"; };
		8E1D605526B92B9600DF53FE /* UserNotifications.framework */ = {isa = PBXFileReference; lastKnownFileType = wrapper.framework; name = UserNotifications.framework; path = System/Library/Frameworks/UserNotifications.framework; sourceTree = SDKROOT; };
		8E1D605726B92B9600DF53FE /* UserNotificationsUI.framework */ = {isa = PBXFileReference; lastKnownFileType = wrapper.framework; name = UserNotificationsUI.framework; path = System/Library/Frameworks/UserNotificationsUI.framework; sourceTree = SDKROOT; };
		8E1DA7B7268AF13B0049E658 /* GetUserProfileViewController.swift */ = {isa = PBXFileReference; lastKnownFileType = sourcecode.swift; path = GetUserProfileViewController.swift; sourceTree = "<group>"; };
		8E1DA7B9268B69F80049E658 /* Chat.swift */ = {isa = PBXFileReference; lastKnownFileType = sourcecode.swift; path = Chat.swift; sourceTree = "<group>"; };
		8E1DA7BB268B6A020049E658 /* ChatUser.swift */ = {isa = PBXFileReference; lastKnownFileType = sourcecode.swift; path = ChatUser.swift; sourceTree = "<group>"; };
		8E1DA7BD268B6A1F0049E658 /* Messages.swift */ = {isa = PBXFileReference; lastKnownFileType = sourcecode.swift; path = Messages.swift; sourceTree = "<group>"; };
		8E42FEED261D958100763B61 /* GDONG.app */ = {isa = PBXFileReference; explicitFileType = wrapper.application; includeInIndex = 0; path = GDONG.app; sourceTree = BUILT_PRODUCTS_DIR; };
		8E42FEF0261D958100763B61 /* AppDelegate.swift */ = {isa = PBXFileReference; lastKnownFileType = sourcecode.swift; path = AppDelegate.swift; sourceTree = "<group>"; };
		8E42FEF2261D958100763B61 /* SceneDelegate.swift */ = {isa = PBXFileReference; lastKnownFileType = sourcecode.swift; path = SceneDelegate.swift; sourceTree = "<group>"; };
		8E42FEF7261D958100763B61 /* Base */ = {isa = PBXFileReference; lastKnownFileType = file.storyboard; name = Base; path = Base.lproj/Main.storyboard; sourceTree = "<group>"; };
		8E42FEFA261D958100763B61 /* GDONG.xcdatamodel */ = {isa = PBXFileReference; lastKnownFileType = wrapper.xcdatamodel; path = GDONG.xcdatamodel; sourceTree = "<group>"; };
		8E42FEFF261D958800763B61 /* Base */ = {isa = PBXFileReference; lastKnownFileType = file.storyboard; name = Base; path = Base.lproj/LaunchScreen.storyboard; sourceTree = "<group>"; };
		8E42FF01261D958800763B61 /* Info.plist */ = {isa = PBXFileReference; lastKnownFileType = text.plist.xml; path = Info.plist; sourceTree = "<group>"; };
		8E42FF09261D9B4600763B61 /* LoginViewController.swift */ = {isa = PBXFileReference; lastKnownFileType = sourcecode.swift; path = LoginViewController.swift; sourceTree = "<group>"; };
		8E42FF462620B4BD00763B61 /* GDONG.entitlements */ = {isa = PBXFileReference; lastKnownFileType = text.plist.entitlements; path = GDONG.entitlements; sourceTree = "<group>"; };
		8E61FDD826301739008CCB8A /* Model.swift */ = {isa = PBXFileReference; lastKnownFileType = sourcecode.swift; path = Model.swift; sourceTree = "<group>"; };
		8E61FDDC26301797008CCB8A /* Dummy.swift */ = {isa = PBXFileReference; lastKnownFileType = sourcecode.swift; path = Dummy.swift; sourceTree = "<group>"; };
		8E6C083C2624B1D0009CE9C3 /* AuthenticationViewModel.swift */ = {isa = PBXFileReference; lastKnownFileType = sourcecode.swift; path = AuthenticationViewModel.swift; sourceTree = "<group>"; };
		8E70C1CB2691F445006F1D2C /* PostService.swift */ = {isa = PBXFileReference; lastKnownFileType = sourcecode.swift; path = PostService.swift; sourceTree = "<group>"; };
		8E772B5F267C8C6D0034C2BF /* Extension.swift */ = {isa = PBXFileReference; fileEncoding = 4; lastKnownFileType = sourcecode.swift; path = Extension.swift; sourceTree = "<group>"; };
		8E772B62267C8C750034C2BF /* PhotoCollectionViewCell.xib */ = {isa = PBXFileReference; fileEncoding = 4; lastKnownFileType = file.xib; path = PhotoCollectionViewCell.xib; sourceTree = "<group>"; };
		8E772B63267C8C750034C2BF /* PriceCell.xib */ = {isa = PBXFileReference; fileEncoding = 4; lastKnownFileType = file.xib; path = PriceCell.xib; sourceTree = "<group>"; };
		8E772B64267C8C750034C2BF /* ViewCells.swift */ = {isa = PBXFileReference; fileEncoding = 4; lastKnownFileType = sourcecode.swift; path = ViewCells.swift; sourceTree = "<group>"; };
		8E772B65267C8C750034C2BF /* PhotoCell.xib */ = {isa = PBXFileReference; fileEncoding = 4; lastKnownFileType = file.xib; path = PhotoCell.xib; sourceTree = "<group>"; };
		8E772B66267C8C750034C2BF /* CreateNewItemViewController.swift */ = {isa = PBXFileReference; fileEncoding = 4; lastKnownFileType = sourcecode.swift; path = CreateNewItemViewController.swift; sourceTree = "<group>"; };
		8E772B67267C8C750034C2BF /* CreateNewItem.storyboard */ = {isa = PBXFileReference; fileEncoding = 4; lastKnownFileType = file.storyboard; path = CreateNewItem.storyboard; sourceTree = "<group>"; };
		8E772B68267C8C750034C2BF /* CategoryCell.xib */ = {isa = PBXFileReference; fileEncoding = 4; lastKnownFileType = file.xib; path = CategoryCell.xib; sourceTree = "<group>"; };
		8E772B6A267C8C750034C2BF /* CategoryTableView.storyboard */ = {isa = PBXFileReference; fileEncoding = 4; lastKnownFileType = file.storyboard; path = CategoryTableView.storyboard; sourceTree = "<group>"; };
		8E772B6B267C8C750034C2BF /* CategoryTableViewController.swift */ = {isa = PBXFileReference; fileEncoding = 4; lastKnownFileType = sourcecode.swift; path = CategoryTableViewController.swift; sourceTree = "<group>"; };
		8E772B6C267C8C750034C2BF /* EntityCell.xib */ = {isa = PBXFileReference; fileEncoding = 4; lastKnownFileType = file.xib; path = EntityCell.xib; sourceTree = "<group>"; };
		8E772B6D267C8C750034C2BF /* PhotoCollectionViewCell.swift */ = {isa = PBXFileReference; fileEncoding = 4; lastKnownFileType = sourcecode.swift; path = PhotoCollectionViewCell.swift; sourceTree = "<group>"; };
		8E772B7B267C8CA40034C2BF /* ChatListCell.swift */ = {isa = PBXFileReference; fileEncoding = 4; lastKnownFileType = sourcecode.swift; path = ChatListCell.swift; sourceTree = "<group>"; };
		8E772B7C267C8CA40034C2BF /* RecentSearchTableViewCell.xib */ = {isa = PBXFileReference; fileEncoding = 4; lastKnownFileType = file.xib; path = RecentSearchTableViewCell.xib; sourceTree = "<group>"; };
		8E772B7E267C8CA40034C2BF /* categoryCollectionViewCell.swift */ = {isa = PBXFileReference; fileEncoding = 4; lastKnownFileType = sourcecode.swift; path = categoryCollectionViewCell.swift; sourceTree = "<group>"; };
		8E772B7F267C8CA40034C2BF /* TableViewCell.swift */ = {isa = PBXFileReference; fileEncoding = 4; lastKnownFileType = sourcecode.swift; path = TableViewCell.swift; sourceTree = "<group>"; };
		8E772B80267C8CA40034C2BF /* TitleTableViewCell.xib */ = {isa = PBXFileReference; fileEncoding = 4; lastKnownFileType = file.xib; path = TitleTableViewCell.xib; sourceTree = "<group>"; };
		8E772B82267C8CA40034C2BF /* TitleTableViewCell.swift */ = {isa = PBXFileReference; fileEncoding = 4; lastKnownFileType = sourcecode.swift; path = TitleTableViewCell.swift; sourceTree = "<group>"; };
		8E772B83267C8CA40034C2BF /* categoryCollectionViewCell.xib */ = {isa = PBXFileReference; fileEncoding = 4; lastKnownFileType = file.xib; path = categoryCollectionViewCell.xib; sourceTree = "<group>"; };
		8E772B84267C8CA40034C2BF /* RecentSearchTableViewCell.swift */ = {isa = PBXFileReference; fileEncoding = 4; lastKnownFileType = sourcecode.swift; path = RecentSearchTableViewCell.swift; sourceTree = "<group>"; };
		8E772B8F267C8CB30034C2BF /* ProfileViewController.swift */ = {isa = PBXFileReference; lastKnownFileType = sourcecode.swift; path = ProfileViewController.swift; sourceTree = "<group>"; };
		8E772B92267C8CD10034C2BF /* DetailNoteViewController.swift */ = {isa = PBXFileReference; fileEncoding = 4; lastKnownFileType = sourcecode.swift; path = DetailNoteViewController.swift; sourceTree = "<group>"; };
		8E772B93267C8CD10034C2BF /* ChatListViewController.swift */ = {isa = PBXFileReference; fileEncoding = 4; lastKnownFileType = sourcecode.swift; path = ChatListViewController.swift; sourceTree = "<group>"; };
		8E772B95267C8CD10034C2BF /* SearchViewController.swift */ = {isa = PBXFileReference; fileEncoding = 4; lastKnownFileType = sourcecode.swift; path = SearchViewController.swift; sourceTree = "<group>"; };
		8E772B96267C8CD10034C2BF /* SearchResultViewController.swift */ = {isa = PBXFileReference; fileEncoding = 4; lastKnownFileType = sourcecode.swift; path = SearchResultViewController.swift; sourceTree = "<group>"; };
		8E772B98267C8CD10034C2BF /* RecentSearchViewController.swift */ = {isa = PBXFileReference; fileEncoding = 4; lastKnownFileType = sourcecode.swift; path = RecentSearchViewController.swift; sourceTree = "<group>"; };
		8E772B99267C8CD10034C2BF /* SearchFilteringViewController.swift */ = {isa = PBXFileReference; fileEncoding = 4; lastKnownFileType = sourcecode.swift; path = SearchFilteringViewController.swift; sourceTree = "<group>"; };
		8E772B9A267C8CD10034C2BF /* RecentSearchAllTableViewController.swift */ = {isa = PBXFileReference; fileEncoding = 4; lastKnownFileType = sourcecode.swift; path = RecentSearchAllTableViewController.swift; sourceTree = "<group>"; };
		8E772B9B267C8CD10034C2BF /* MainViewController.swift */ = {isa = PBXFileReference; fileEncoding = 4; lastKnownFileType = sourcecode.swift; path = MainViewController.swift; sourceTree = "<group>"; };
		8E772B9C267C8CD10034C2BF /* RecommendViewController.swift */ = {isa = PBXFileReference; fileEncoding = 4; lastKnownFileType = sourcecode.swift; path = RecommendViewController.swift; sourceTree = "<group>"; };
		8E772B9E267C8CD10034C2BF /* MyPostViewController.swift */ = {isa = PBXFileReference; fileEncoding = 4; lastKnownFileType = sourcecode.swift; path = MyPostViewController.swift; sourceTree = "<group>"; };
		8E772BA0267C8CD10034C2BF /* SellViewController.swift */ = {isa = PBXFileReference; fileEncoding = 4; lastKnownFileType = sourcecode.swift; path = SellViewController.swift; sourceTree = "<group>"; };
		8E772BA1267C8CD10034C2BF /* BuyViewController.swift */ = {isa = PBXFileReference; fileEncoding = 4; lastKnownFileType = sourcecode.swift; path = BuyViewController.swift; sourceTree = "<group>"; };
		8E772BB1267C8CE70034C2BF /* MainViewModel.swift */ = {isa = PBXFileReference; fileEncoding = 4; lastKnownFileType = sourcecode.swift; path = MainViewModel.swift; sourceTree = "<group>"; };
		8E772BB8267C8D7D0034C2BF /* perfume.jpg */ = {isa = PBXFileReference; lastKnownFileType = image.jpeg; path = perfume.jpg; sourceTree = "<group>"; };
		8E772BB9267C8D7D0034C2BF /* strawberry.jpg */ = {isa = PBXFileReference; lastKnownFileType = image.jpeg; path = strawberry.jpg; sourceTree = "<group>"; };
		8E772BBA267C8D7D0034C2BF /* cero.jpg */ = {isa = PBXFileReference; lastKnownFileType = image.jpeg; path = cero.jpg; sourceTree = "<group>"; };
		8E772BBB267C8D7D0034C2BF /* bigapple.jpg */ = {isa = PBXFileReference; lastKnownFileType = image.jpeg; path = bigapple.jpg; sourceTree = "<group>"; };
		8E772BC0267C8DAE0034C2BF /* RecommendModel.swift */ = {isa = PBXFileReference; fileEncoding = 4; lastKnownFileType = sourcecode.swift; path = RecommendModel.swift; sourceTree = "<group>"; };
		8E772BC2267C8DB80034C2BF /* MainModel.swift */ = {isa = PBXFileReference; fileEncoding = 4; lastKnownFileType = sourcecode.swift; path = MainModel.swift; sourceTree = "<group>"; };
		8E772BC4267C8DC00034C2BF /* ChatListModel.swift */ = {isa = PBXFileReference; fileEncoding = 4; lastKnownFileType = sourcecode.swift; path = ChatListModel.swift; sourceTree = "<group>"; };
		8E772BC6267C8FFB0034C2BF /* KeychainItem.swift */ = {isa = PBXFileReference; lastKnownFileType = sourcecode.swift; path = KeychainItem.swift; sourceTree = "<group>"; };
		8E87F2712680FA6B009BFDDB /* FolloViewController.swift */ = {isa = PBXFileReference; lastKnownFileType = sourcecode.swift; path = FolloViewController.swift; sourceTree = "<group>"; };
		8E9A61D726BE7BCF007AD6EB /* BuySellTableViewCell.xib */ = {isa = PBXFileReference; lastKnownFileType = file.xib; path = BuySellTableViewCell.xib; sourceTree = "<group>"; };
		8EB54A9126CE2A63009C7F7C /* LoginService.swift */ = {isa = PBXFileReference; lastKnownFileType = sourcecode.swift; path = LoginService.swift; sourceTree = "<group>"; };
		8EB54A9326CE2A80009C7F7C /* PushService.swift */ = {isa = PBXFileReference; lastKnownFileType = sourcecode.swift; path = PushService.swift; sourceTree = "<group>"; };
		8EB54A9526CE2A9C009C7F7C /* UserService.swift */ = {isa = PBXFileReference; lastKnownFileType = sourcecode.swift; path = UserService.swift; sourceTree = "<group>"; };
		8EB54A9726CE2B44009C7F7C /* PopularBoardCell.xib */ = {isa = PBXFileReference; fileEncoding = 4; lastKnownFileType = file.xib; path = PopularBoardCell.xib; sourceTree = "<group>"; };
		8EB54A9826CE2B44009C7F7C /* PopularPeopleCell.xib */ = {isa = PBXFileReference; fileEncoding = 4; lastKnownFileType = file.xib; path = PopularPeopleCell.xib; sourceTree = "<group>"; };
		8EB54A9926CE2B44009C7F7C /* PopularBoardCell.swift */ = {isa = PBXFileReference; fileEncoding = 4; lastKnownFileType = sourcecode.swift; path = PopularBoardCell.swift; sourceTree = "<group>"; };
		8EB54A9A26CE2B44009C7F7C /* PopularPeopleCell.swift */ = {isa = PBXFileReference; fileEncoding = 4; lastKnownFileType = sourcecode.swift; path = PopularPeopleCell.swift; sourceTree = "<group>"; };
		8ED15E9D2696D815002943C9 /* InputTableViewCell.xib */ = {isa = PBXFileReference; fileEncoding = 4; lastKnownFileType = file.xib; path = InputTableViewCell.xib; sourceTree = "<group>"; };
		8ED15E9E2696D815002943C9 /* InputTableViewCell.swift */ = {isa = PBXFileReference; fileEncoding = 4; lastKnownFileType = sourcecode.swift; path = InputTableViewCell.swift; sourceTree = "<group>"; };
		8ED15EA42696F173002943C9 /* Config.swift */ = {isa = PBXFileReference; lastKnownFileType = sourcecode.swift; path = Config.swift; sourceTree = "<group>"; };
		8ED15EAC269AEAD1002943C9 /* Search.storyboard */ = {isa = PBXFileReference; lastKnownFileType = file.storyboard; path = Search.storyboard; sourceTree = "<group>"; };
		8EDD9A192674B045003AFE65 /* UserDefaultKey.swift */ = {isa = PBXFileReference; lastKnownFileType = sourcecode.swift; path = UserDefaultKey.swift; sourceTree = "<group>"; };
		8EF00F17265785B700AA1EEA /* API.swift */ = {isa = PBXFileReference; lastKnownFileType = sourcecode.swift; path = API.swift; sourceTree = "<group>"; };
		8EF288702660EC9500840302 /* NickNameViewController.swift */ = {isa = PBXFileReference; lastKnownFileType = sourcecode.swift; path = NickNameViewController.swift; sourceTree = "<group>"; };
		8EF288722660EE3F00840302 /* LocationViewController.swift */ = {isa = PBXFileReference; lastKnownFileType = sourcecode.swift; path = LocationViewController.swift; sourceTree = "<group>"; };
		8EF2887426627DDF00840302 /* detailLocationViewController.swift */ = {isa = PBXFileReference; lastKnownFileType = sourcecode.swift; path = detailLocationViewController.swift; sourceTree = "<group>"; };
		8EF2887A2662A97500840302 /* JusoTableViewCell.swift */ = {isa = PBXFileReference; lastKnownFileType = sourcecode.swift; path = JusoTableViewCell.swift; sourceTree = "<group>"; };
		8EF2887B2662A97500840302 /* JusoTableViewCell.xib */ = {isa = PBXFileReference; lastKnownFileType = file.xib; path = JusoTableViewCell.xib; sourceTree = "<group>"; };
		8EF3BF9F268EE87400415150 /* AdditionalInfo.storyboard */ = {isa = PBXFileReference; lastKnownFileType = file.storyboard; path = AdditionalInfo.storyboard; sourceTree = "<group>"; };
		8EF8F1F6269323AC0034BD99 /* Chat.swift */ = {isa = PBXFileReference; fileEncoding = 4; lastKnownFileType = sourcecode.swift; name = Chat.swift; path = GDONG/ViewController/ChatVC/Chat.swift; sourceTree = SOURCE_ROOT; };
		8EF8F1F926935DFD0034BD99 /* NeedCell.xib */ = {isa = PBXFileReference; lastKnownFileType = file.xib; path = NeedCell.xib; sourceTree = "<group>"; };
		8EF8F1FF26935FD90034BD99 /* LinkCell.xib */ = {isa = PBXFileReference; lastKnownFileType = file.xib; path = LinkCell.xib; sourceTree = "<group>"; };
		8EF8F2032694B73A0034BD99 /* ContentTableViewCell.swift */ = {isa = PBXFileReference; lastKnownFileType = sourcecode.swift; path = ContentTableViewCell.swift; sourceTree = "<group>"; };
		8EF8F2042694B73A0034BD99 /* ContentTableViewCell.xib */ = {isa = PBXFileReference; lastKnownFileType = file.xib; path = ContentTableViewCell.xib; sourceTree = "<group>"; };
		8EF8F2072694B8310034BD99 /* LinkTableViewCell.swift */ = {isa = PBXFileReference; lastKnownFileType = sourcecode.swift; path = LinkTableViewCell.swift; sourceTree = "<group>"; };
		8EF8F2082694B8310034BD99 /* LinkTableViewCell.xib */ = {isa = PBXFileReference; lastKnownFileType = file.xib; path = LinkTableViewCell.xib; sourceTree = "<group>"; };
		8EF8F20B2694B9620034BD99 /* PriceAndPeopleTableViewCell.swift */ = {isa = PBXFileReference; lastKnownFileType = sourcecode.swift; path = PriceAndPeopleTableViewCell.swift; sourceTree = "<group>"; };
		8EF8F20C2694B9620034BD99 /* PriceAndPeopleTableViewCell.xib */ = {isa = PBXFileReference; lastKnownFileType = file.xib; path = PriceAndPeopleTableViewCell.xib; sourceTree = "<group>"; };
		8EF8F20F2694BB1B0034BD99 /* ViewAndLikeTableViewCell.swift */ = {isa = PBXFileReference; lastKnownFileType = sourcecode.swift; path = ViewAndLikeTableViewCell.swift; sourceTree = "<group>"; };
		8EF8F2102694BB1B0034BD99 /* ViewAndLikeTableViewCell.xib */ = {isa = PBXFileReference; lastKnownFileType = file.xib; path = ViewAndLikeTableViewCell.xib; sourceTree = "<group>"; };
		8EF8F7942681BF36003ADFA9 /* EditProfileViewController.swift */ = {isa = PBXFileReference; lastKnownFileType = sourcecode.swift; path = EditProfileViewController.swift; sourceTree = "<group>"; };
		8EF8F7962681E5D2003ADFA9 /* FolloTableViewCell.swift */ = {isa = PBXFileReference; lastKnownFileType = sourcecode.swift; path = FolloTableViewCell.swift; sourceTree = "<group>"; };
		8EF8F7972681E5D2003ADFA9 /* FolloTableViewCell.xib */ = {isa = PBXFileReference; lastKnownFileType = file.xib; path = FolloTableViewCell.xib; sourceTree = "<group>"; };
		8EF8F7A326846864003ADFA9 /* ChatViewController.swift */ = {isa = PBXFileReference; lastKnownFileType = sourcecode.swift; path = ChatViewController.swift; sourceTree = "<group>"; };
		8EF8F7A5268468C5003ADFA9 /* MessageModel.swift */ = {isa = PBXFileReference; lastKnownFileType = sourcecode.swift; path = MessageModel.swift; sourceTree = "<group>"; };
		8EF8F7AC268595D6003ADFA9 /* GoogleService-Info.plist */ = {isa = PBXFileReference; fileEncoding = 4; lastKnownFileType = text.plist.xml; path = "GoogleService-Info.plist"; sourceTree = "<group>"; };
		8EF8F7AE268598DA003ADFA9 /* StorageManager.swift */ = {isa = PBXFileReference; lastKnownFileType = sourcecode.swift; path = StorageManager.swift; sourceTree = "<group>"; };
		8EF8F7B126859CE7003ADFA9 /* DatabaseManager.swift */ = {isa = PBXFileReference; lastKnownFileType = sourcecode.swift; path = DatabaseManager.swift; sourceTree = "<group>"; };
		8EF8F7C02689C859003ADFA9 /* Chat.storyboard */ = {isa = PBXFileReference; lastKnownFileType = file.storyboard; path = Chat.storyboard; sourceTree = "<group>"; };
		8EF8F7C22689C903003ADFA9 /* TitleCell.xib */ = {isa = PBXFileReference; fileEncoding = 4; lastKnownFileType = file.xib; path = TitleCell.xib; sourceTree = "<group>"; };
		8EF8F7C42689C91B003ADFA9 /* ViewController.swift */ = {isa = PBXFileReference; fileEncoding = 4; lastKnownFileType = sourcecode.swift; path = ViewController.swift; sourceTree = "<group>"; };
		8EF8F7CD2689D076003ADFA9 /* Login.storyboard */ = {isa = PBXFileReference; lastKnownFileType = file.storyboard; path = Login.storyboard; sourceTree = "<group>"; };
		8EFFBFAF26BAA1AF007C1868 /* ChatService.swift */ = {isa = PBXFileReference; lastKnownFileType = sourcecode.swift; path = ChatService.swift; sourceTree = "<group>"; };
		B5CB9861EE62390BC891B506 /* Pods_GDONG.framework */ = {isa = PBXFileReference; explicitFileType = wrapper.framework; includeInIndex = 0; path = Pods_GDONG.framework; sourceTree = BUILT_PRODUCTS_DIR; };
		ED3C4B96BF1AF2716918D5A6 /* Pods-GDONG.release.xcconfig */ = {isa = PBXFileReference; includeInIndex = 1; lastKnownFileType = text.xcconfig; name = "Pods-GDONG.release.xcconfig"; path = "Target Support Files/Pods-GDONG/Pods-GDONG.release.xcconfig"; sourceTree = "<group>"; };
		EDB6198BF78650B9DC772EC0 /* Pods-GDONG.debug.xcconfig */ = {isa = PBXFileReference; includeInIndex = 1; lastKnownFileType = text.xcconfig; name = "Pods-GDONG.debug.xcconfig"; path = "Target Support Files/Pods-GDONG/Pods-GDONG.debug.xcconfig"; sourceTree = "<group>"; };
/* End PBXFileReference section */

/* Begin PBXFrameworksBuildPhase section */
		8E42FEEA261D958100763B61 /* Frameworks */ = {
			isa = PBXFrameworksBuildPhase;
			buildActionMask = 2147483647;
			files = (
				0CF2138C1B09291073ACA2DA /* Pods_GDONG.framework in Frameworks */,
			);
			runOnlyForDeploymentPostprocessing = 0;
		};
/* End PBXFrameworksBuildPhase section */

/* Begin PBXGroup section */
		57D67EE7B5874B8F4961E81B /* Frameworks */ = {
			isa = PBXGroup;
			children = (
				B5CB9861EE62390BC891B506 /* Pods_GDONG.framework */,
				8E1D605526B92B9600DF53FE /* UserNotifications.framework */,
				8E1D605726B92B9600DF53FE /* UserNotificationsUI.framework */,
			);
			name = Frameworks;
			sourceTree = "<group>";
		};
		795BEC70C24FBCA4FDD295F1 /* Pods */ = {
			isa = PBXGroup;
			children = (
				EDB6198BF78650B9DC772EC0 /* Pods-GDONG.debug.xcconfig */,
				ED3C4B96BF1AF2716918D5A6 /* Pods-GDONG.release.xcconfig */,
			);
			path = Pods;
			sourceTree = "<group>";
		};
		8E42FEE4261D958100763B61 = {
			isa = PBXGroup;
			children = (
				8E42FEEF261D958100763B61 /* GDONG */,
				8E42FEEE261D958100763B61 /* Products */,
				795BEC70C24FBCA4FDD295F1 /* Pods */,
				57D67EE7B5874B8F4961E81B /* Frameworks */,
			);
			sourceTree = "<group>";
		};
		8E42FEEE261D958100763B61 /* Products */ = {
			isa = PBXGroup;
			children = (
				8E42FEED261D958100763B61 /* GDONG.app */,
			);
			name = Products;
			sourceTree = "<group>";
		};
		8E42FEEF261D958100763B61 /* GDONG */ = {
			isa = PBXGroup;
			children = (
				8E0A5BED26DBD99000B14118 /* Assets.xcassets */,
				8E70C1CA2691F425006F1D2C /* Services */,
				8EF8F7AC268595D6003ADFA9 /* GoogleService-Info.plist */,
				8E772B7A267C8CA40034C2BF /* Cell */,
				8E772BB7267C8D7D0034C2BF /* Image */,
				8E772BB6267C8CFA0034C2BF /* Storyboard */,
				8E772BB0267C8CE70034C2BF /* ViewModel */,
				8E772B91267C8CD10034C2BF /* ViewController */,
				8E772B5E267C8C6D0034C2BF /* Extension */,
				8E61FDD726301721008CCB8A /* Model */,
				8E42FF462620B4BD00763B61 /* GDONG.entitlements */,
				8E42FEF0261D958100763B61 /* AppDelegate.swift */,
				8E42FEF2261D958100763B61 /* SceneDelegate.swift */,
				8E42FF01261D958800763B61 /* Info.plist */,
				8E42FEF9261D958100763B61 /* GDONG.xcdatamodeld */,
			);
			path = GDONG;
			sourceTree = "<group>";
		};
		8E42FF08261D9B2F00763B61 /* Login */ = {
			isa = PBXGroup;
			children = (
				8E42FF09261D9B4600763B61 /* LoginViewController.swift */,
				8E6C083C2624B1D0009CE9C3 /* AuthenticationViewModel.swift */,
				8EF288702660EC9500840302 /* NickNameViewController.swift */,
				8EF288722660EE3F00840302 /* LocationViewController.swift */,
				8EF2887426627DDF00840302 /* detailLocationViewController.swift */,
				8EF2887A2662A97500840302 /* JusoTableViewCell.swift */,
				8EF2887B2662A97500840302 /* JusoTableViewCell.xib */,
			);
			path = Login;
			sourceTree = "<group>";
		};
		8E61FDD726301721008CCB8A /* Model */ = {
			isa = PBXGroup;
			children = (
				8EF8F7B0268598DE003ADFA9 /* Chat */,
				8E772BC0267C8DAE0034C2BF /* RecommendModel.swift */,
				8E772BC2267C8DB80034C2BF /* MainModel.swift */,
				8E61FDD826301739008CCB8A /* Model.swift */,
			);
			path = Model;
			sourceTree = "<group>";
		};
		8E70C1CA2691F425006F1D2C /* Services */ = {
			isa = PBXGroup;
			children = (
				8EF00F17265785B700AA1EEA /* API.swift */,
				8E70C1CB2691F445006F1D2C /* PostService.swift */,
				8ED15EA42696F173002943C9 /* Config.swift */,
				8EFFBFAF26BAA1AF007C1868 /* ChatService.swift */,
				8EB54A9126CE2A63009C7F7C /* LoginService.swift */,
				8EB54A9326CE2A80009C7F7C /* PushService.swift */,
				8EB54A9526CE2A9C009C7F7C /* UserService.swift */,
			);
			path = Services;
			sourceTree = "<group>";
		};
		8E772B5E267C8C6D0034C2BF /* Extension */ = {
			isa = PBXGroup;
			children = (
				8E772BC6267C8FFB0034C2BF /* KeychainItem.swift */,
				8E61FDDC26301797008CCB8A /* Dummy.swift */,
				8EDD9A192674B045003AFE65 /* UserDefaultKey.swift */,
				8E772B5F267C8C6D0034C2BF /* Extension.swift */,
			);
			path = Extension;
			sourceTree = "<group>";
		};
		8E772B61267C8C750034C2BF /* CreateNewItem */ = {
			isa = PBXGroup;
			children = (
				8EB54A9F26CE5AAF009C7F7C /* Cell */,
				8E772B66267C8C750034C2BF /* CreateNewItemViewController.swift */,
				8E772B6B267C8C750034C2BF /* CategoryTableViewController.swift */,
			);
			path = CreateNewItem;
			sourceTree = "<group>";
		};
		8E772B7A267C8CA40034C2BF /* Cell */ = {
			isa = PBXGroup;
			children = (
				8EB54A9926CE2B44009C7F7C /* PopularBoardCell.swift */,
				8EB54A9726CE2B44009C7F7C /* PopularBoardCell.xib */,
				8EB54A9A26CE2B44009C7F7C /* PopularPeopleCell.swift */,
				8EB54A9826CE2B44009C7F7C /* PopularPeopleCell.xib */,
				8ED15E982696D6B9002943C9 /* ProfileCell */,
				8EF8F2022694AF200034BD99 /* DetailCell */,
				8E772B7B267C8CA40034C2BF /* ChatListCell.swift */,
				4029811126E504CC00F1EB07 /* ChatListCell.xib */,
				8E772B7F267C8CA40034C2BF /* TableViewCell.swift */,
				4029810F26E504B500F1EB07 /* TableViewCell.xib */,
				8E772B83267C8CA40034C2BF /* categoryCollectionViewCell.xib */,
				8E772B7E267C8CA40034C2BF /* categoryCollectionViewCell.swift */,
				8E772B84267C8CA40034C2BF /* RecentSearchTableViewCell.swift */,
				8E772B7C267C8CA40034C2BF /* RecentSearchTableViewCell.xib */,
				8EF8F7962681E5D2003ADFA9 /* FolloTableViewCell.swift */,
				8EF8F7972681E5D2003ADFA9 /* FolloTableViewCell.xib */,
			);
			path = Cell;
			sourceTree = "<group>";
		};
		8E772B91267C8CD10034C2BF /* ViewController */ = {
			isa = PBXGroup;
			children = (
				8EF8F7A22684684C003ADFA9 /* ChatVC */,
				8E42FF08261D9B2F00763B61 /* Login */,
				8E772B9D267C8CD10034C2BF /* ProfileVC */,
				8E772B94267C8CD10034C2BF /* SearchVC */,
				8E772B61267C8C750034C2BF /* CreateNewItem */,
				8E772B92267C8CD10034C2BF /* DetailNoteViewController.swift */,
				8E772B9B267C8CD10034C2BF /* MainViewController.swift */,
				8EF8F7C42689C91B003ADFA9 /* ViewController.swift */,
				8E772B9C267C8CD10034C2BF /* RecommendViewController.swift */,
				8E772BA0267C8CD10034C2BF /* SellViewController.swift */,
				8E772BA1267C8CD10034C2BF /* BuyViewController.swift */,
			);
			path = ViewController;
			sourceTree = "<group>";
		};
		8E772B94267C8CD10034C2BF /* SearchVC */ = {
			isa = PBXGroup;
			children = (
				8E772B95267C8CD10034C2BF /* SearchViewController.swift */,
				8E772B96267C8CD10034C2BF /* SearchResultViewController.swift */,
				8E772B98267C8CD10034C2BF /* RecentSearchViewController.swift */,
				8E772B99267C8CD10034C2BF /* SearchFilteringViewController.swift */,
				8E772B9A267C8CD10034C2BF /* RecentSearchAllTableViewController.swift */,
			);
			path = SearchVC;
			sourceTree = "<group>";
		};
		8E772B9D267C8CD10034C2BF /* ProfileVC */ = {
			isa = PBXGroup;
			children = (
				8E772B8F267C8CB30034C2BF /* ProfileViewController.swift */,
				8E772B9E267C8CD10034C2BF /* MyPostViewController.swift */,
				8E87F2712680FA6B009BFDDB /* FolloViewController.swift */,
				8EF8F7942681BF36003ADFA9 /* EditProfileViewController.swift */,
				8E1DA7B7268AF13B0049E658 /* GetUserProfileViewController.swift */,
			);
			path = ProfileVC;
			sourceTree = "<group>";
		};
		8E772BB0267C8CE70034C2BF /* ViewModel */ = {
			isa = PBXGroup;
			children = (
				8E772BB1267C8CE70034C2BF /* MainViewModel.swift */,
			);
			path = ViewModel;
			sourceTree = "<group>";
		};
		8E772BB6267C8CFA0034C2BF /* Storyboard */ = {
			isa = PBXGroup;
			children = (
				8E772B67267C8C750034C2BF /* CreateNewItem.storyboard */,
				8E42FEFE261D958800763B61 /* LaunchScreen.storyboard */,
				8EF3BF9F268EE87400415150 /* AdditionalInfo.storyboard */,
				8E42FEF6261D958100763B61 /* Main.storyboard */,
				4029811326E5072700F1EB07 /* UserInfo.storyboard */,
				8EF8F7C02689C859003ADFA9 /* Chat.storyboard */,
				8EF8F7CD2689D076003ADFA9 /* Login.storyboard */,
				8ED15EAC269AEAD1002943C9 /* Search.storyboard */,
			);
			path = Storyboard;
			sourceTree = "<group>";
		};
		8E772BB7267C8D7D0034C2BF /* Image */ = {
			isa = PBXGroup;
			children = (
				8E772BB8267C8D7D0034C2BF /* perfume.jpg */,
				8E772BB9267C8D7D0034C2BF /* strawberry.jpg */,
				8E772BBA267C8D7D0034C2BF /* cero.jpg */,
				8E772BBB267C8D7D0034C2BF /* bigapple.jpg */,
			);
			path = Image;
			sourceTree = "<group>";
		};
		8EB54A9F26CE5AAF009C7F7C /* Cell */ = {
			isa = PBXGroup;
			children = (
				8E772B68267C8C750034C2BF /* CategoryCell.xib */,
				8E772B6A267C8C750034C2BF /* CategoryTableView.storyboard */,
				8E772B6C267C8C750034C2BF /* EntityCell.xib */,
				8E772B6D267C8C750034C2BF /* PhotoCollectionViewCell.swift */,
				8EF8F1F926935DFD0034BD99 /* NeedCell.xib */,
				8EF8F1FF26935FD90034BD99 /* LinkCell.xib */,
				8E9A61D726BE7BCF007AD6EB /* BuySellTableViewCell.xib */,
				8E772B62267C8C750034C2BF /* PhotoCollectionViewCell.xib */,
				8EF8F7C22689C903003ADFA9 /* TitleCell.xib */,
				8E772B63267C8C750034C2BF /* PriceCell.xib */,
				8E772B64267C8C750034C2BF /* ViewCells.swift */,
				8E772B65267C8C750034C2BF /* PhotoCell.xib */,
			);
			path = Cell;
			sourceTree = "<group>";
		};
		8ED15E982696D6B9002943C9 /* ProfileCell */ = {
			isa = PBXGroup;
			children = (
				8ED15E9E2696D815002943C9 /* InputTableViewCell.swift */,
				8ED15E9D2696D815002943C9 /* InputTableViewCell.xib */,
			);
			path = ProfileCell;
			sourceTree = "<group>";
		};
		8EF8F2022694AF200034BD99 /* DetailCell */ = {
			isa = PBXGroup;
			children = (
				8E772B80267C8CA40034C2BF /* TitleTableViewCell.xib */,
				8E772B82267C8CA40034C2BF /* TitleTableViewCell.swift */,
				8EF8F2032694B73A0034BD99 /* ContentTableViewCell.swift */,
				8EF8F2042694B73A0034BD99 /* ContentTableViewCell.xib */,
				8EF8F2072694B8310034BD99 /* LinkTableViewCell.swift */,
				8EF8F2082694B8310034BD99 /* LinkTableViewCell.xib */,
				8EF8F20B2694B9620034BD99 /* PriceAndPeopleTableViewCell.swift */,
				8EF8F20C2694B9620034BD99 /* PriceAndPeopleTableViewCell.xib */,
				8EF8F20F2694BB1B0034BD99 /* ViewAndLikeTableViewCell.swift */,
				8EF8F2102694BB1B0034BD99 /* ViewAndLikeTableViewCell.xib */,
			);
			path = DetailCell;
			sourceTree = "<group>";
		};
		8EF8F7A22684684C003ADFA9 /* ChatVC */ = {
			isa = PBXGroup;
			children = (
				8E1DA7B9268B69F80049E658 /* Chat.swift */,
				8EF8F7A326846864003ADFA9 /* ChatViewController.swift */,
				8E772B93267C8CD10034C2BF /* ChatListViewController.swift */,
				8E1DA7BB268B6A020049E658 /* ChatUser.swift */,
				8E1DA7BD268B6A1F0049E658 /* Messages.swift */,
			);
			path = ChatVC;
			sourceTree = "<group>";
		};
		8EF8F7B0268598DE003ADFA9 /* Chat */ = {
			isa = PBXGroup;
			children = (
				8EF8F1F6269323AC0034BD99 /* Chat.swift */,
				8E772BC4267C8DC00034C2BF /* ChatListModel.swift */,
				8EF8F7A5268468C5003ADFA9 /* MessageModel.swift */,
				8EF8F7AE268598DA003ADFA9 /* StorageManager.swift */,
				8EF8F7B126859CE7003ADFA9 /* DatabaseManager.swift */,
			);
			path = Chat;
			sourceTree = "<group>";
		};
/* End PBXGroup section */

/* Begin PBXNativeTarget section */
		8E42FEEC261D958100763B61 /* GDONG */ = {
			isa = PBXNativeTarget;
			buildConfigurationList = 8E42FF04261D958800763B61 /* Build configuration list for PBXNativeTarget "GDONG" */;
			buildPhases = (
				DC72FD9672FD5D37FD62EEA3 /* [CP] Check Pods Manifest.lock */,
				8E42FEE9261D958100763B61 /* Sources */,
				8E42FEEA261D958100763B61 /* Frameworks */,
				8E42FEEB261D958100763B61 /* Resources */,
				8E1D606326B92B9700DF53FE /* Embed App Extensions */,
				9C0F083D0110FF246BE521E0 /* [CP] Embed Pods Frameworks */,
			);
			buildRules = (
			);
			dependencies = (
			);
			name = GDONG;
			productName = GDONG;
			productReference = 8E42FEED261D958100763B61 /* GDONG.app */;
			productType = "com.apple.product-type.application";
		};
/* End PBXNativeTarget section */

/* Begin PBXProject section */
		8E42FEE5261D958100763B61 /* Project object */ = {
			isa = PBXProject;
			attributes = {
				LastSwiftUpdateCheck = 1250;
				LastUpgradeCheck = 1250;
				TargetAttributes = {
					8E42FEEC261D958100763B61 = {
						CreatedOnToolsVersion = 12.4;
						LastSwiftMigration = 1240;
					};
				};
			};
			buildConfigurationList = 8E42FEE8261D958100763B61 /* Build configuration list for PBXProject "GDONG" */;
			compatibilityVersion = "Xcode 9.3";
			developmentRegion = en;
			hasScannedForEncodings = 0;
			knownRegions = (
				en,
				Base,
			);
			mainGroup = 8E42FEE4261D958100763B61;
			productRefGroup = 8E42FEEE261D958100763B61 /* Products */;
			projectDirPath = "";
			projectRoot = "";
			targets = (
				8E42FEEC261D958100763B61 /* GDONG */,
			);
		};
/* End PBXProject section */

/* Begin PBXResourcesBuildPhase section */
		8E42FEEB261D958100763B61 /* Resources */ = {
			isa = PBXResourcesBuildPhase;
			buildActionMask = 2147483647;
			files = (
				8EF3BFA0268EE94100415150 /* AdditionalInfo.storyboard in Resources */,
				8E772B8A267C8CA40034C2BF /* TitleTableViewCell.xib in Resources */,
				8E772B71267C8C750034C2BF /* PhotoCell.xib in Resources */,
				8E772B78267C8C750034C2BF /* EntityCell.xib in Resources */,
				8E9A61D926BE7BD0007AD6EB /* BuySellTableViewCell.xib in Resources */,
				8ED15EAD269AEAD2002943C9 /* Search.storyboard in Resources */,
				8E772B76267C8C750034C2BF /* CategoryTableView.storyboard in Resources */,
				8EF8F20126935FD90034BD99 /* LinkCell.xib in Resources */,
				8E772BBE267C8D7D0034C2BF /* cero.jpg in Resources */,
				8E772BBF267C8D7D0034C2BF /* bigapple.jpg in Resources */,
				8EF8F2062694B73B0034BD99 /* ContentTableViewCell.xib in Resources */,
				8E42FF00261D958800763B61 /* LaunchScreen.storyboard in Resources */,
				8EF8F2122694BB1B0034BD99 /* ViewAndLikeTableViewCell.xib in Resources */,
				8E772B86267C8CA40034C2BF /* RecentSearchTableViewCell.xib in Resources */,
				8E772BBC267C8D7D0034C2BF /* perfume.jpg in Resources */,
				8E772BBD267C8D7D0034C2BF /* strawberry.jpg in Resources */,
				8EF8F7AD268595D6003ADFA9 /* GoogleService-Info.plist in Resources */,
				8EF8F7CE2689D076003ADFA9 /* Login.storyboard in Resources */,
				8E0A5BEE26DBD99000B14118 /* Assets.xcassets in Resources */,
				8EF8F7C12689C859003ADFA9 /* Chat.storyboard in Resources */,
				8E772B6F267C8C750034C2BF /* PriceCell.xib in Resources */,
				8EF2887D2662A97500840302 /* JusoTableViewCell.xib in Resources */,
				4029811426E5072700F1EB07 /* UserInfo.storyboard in Resources */,
				4029811026E504B500F1EB07 /* TableViewCell.xib in Resources */,
				8EB54A9E26CE2B44009C7F7C /* PopularPeopleCell.swift in Resources */,
				8E772B73267C8C750034C2BF /* CreateNewItem.storyboard in Resources */,
				8E772B8D267C8CA40034C2BF /* categoryCollectionViewCell.xib in Resources */,
				8EF8F7992681E5D2003ADFA9 /* FolloTableViewCell.xib in Resources */,
				8ED15E9F2696D816002943C9 /* InputTableViewCell.xib in Resources */,
				8E772B74267C8C750034C2BF /* CategoryCell.xib in Resources */,
				8EF8F1FB26935DFD0034BD99 /* NeedCell.xib in Resources */,
				8EF8F7C32689C903003ADFA9 /* TitleCell.xib in Resources */,
				8E42FEF8261D958100763B61 /* Main.storyboard in Resources */,
				8EF8F20A2694B8310034BD99 /* LinkTableViewCell.xib in Resources */,
				8EF8F20E2694B9620034BD99 /* PriceAndPeopleTableViewCell.xib in Resources */,
				4029811226E504CC00F1EB07 /* ChatListCell.xib in Resources */,
				8E772B6E267C8C750034C2BF /* PhotoCollectionViewCell.xib in Resources */,
			);
			runOnlyForDeploymentPostprocessing = 0;
		};
/* End PBXResourcesBuildPhase section */

/* Begin PBXShellScriptBuildPhase section */
		9C0F083D0110FF246BE521E0 /* [CP] Embed Pods Frameworks */ = {
			isa = PBXShellScriptBuildPhase;
			buildActionMask = 2147483647;
			files = (
			);
			inputFileListPaths = (
				"${PODS_ROOT}/Target Support Files/Pods-GDONG/Pods-GDONG-frameworks-${CONFIGURATION}-input-files.xcfilelist",
			);
			name = "[CP] Embed Pods Frameworks";
			outputFileListPaths = (
				"${PODS_ROOT}/Target Support Files/Pods-GDONG/Pods-GDONG-frameworks-${CONFIGURATION}-output-files.xcfilelist",
			);
			runOnlyForDeploymentPostprocessing = 0;
			shellPath = /bin/sh;
			shellScript = "\"${PODS_ROOT}/Target Support Files/Pods-GDONG/Pods-GDONG-frameworks.sh\"\n";
			showEnvVarsInLog = 0;
		};
		DC72FD9672FD5D37FD62EEA3 /* [CP] Check Pods Manifest.lock */ = {
			isa = PBXShellScriptBuildPhase;
			buildActionMask = 2147483647;
			files = (
			);
			inputFileListPaths = (
			);
			inputPaths = (
				"${PODS_PODFILE_DIR_PATH}/Podfile.lock",
				"${PODS_ROOT}/Manifest.lock",
			);
			name = "[CP] Check Pods Manifest.lock";
			outputFileListPaths = (
			);
			outputPaths = (
				"$(DERIVED_FILE_DIR)/Pods-GDONG-checkManifestLockResult.txt",
			);
			runOnlyForDeploymentPostprocessing = 0;
			shellPath = /bin/sh;
			shellScript = "diff \"${PODS_PODFILE_DIR_PATH}/Podfile.lock\" \"${PODS_ROOT}/Manifest.lock\" > /dev/null\nif [ $? != 0 ] ; then\n    # print error to STDERR\n    echo \"error: The sandbox is not in sync with the Podfile.lock. Run 'pod install' or update your CocoaPods installation.\" >&2\n    exit 1\nfi\n# This output is used by Xcode 'outputs' to avoid re-running this script phase.\necho \"SUCCESS\" > \"${SCRIPT_OUTPUT_FILE_0}\"\n";
			showEnvVarsInLog = 0;
		};
/* End PBXShellScriptBuildPhase section */

/* Begin PBXSourcesBuildPhase section */
		8E42FEE9261D958100763B61 /* Sources */ = {
			isa = PBXSourcesBuildPhase;
			buildActionMask = 2147483647;
			files = (
				8E0A5BF626DE6C6D00B14118 /* PopularPeopleCell.xib in Sources */,
				8E0A5BF526DE6C6B00B14118 /* PopularPeopleCell.swift in Sources */,
				8E0A5BF426DE6C6700B14118 /* PopularBoardCell.xib in Sources */,
				8EF8F7C52689C91B003ADFA9 /* ViewController.swift in Sources */,
				8E772B8E267C8CA40034C2BF /* RecentSearchTableViewCell.swift in Sources */,
				8EF00F18265785B700AA1EEA /* API.swift in Sources */,
				8E772BAC267C8CD10034C2BF /* MyPostViewController.swift in Sources */,
				8E772B72267C8C750034C2BF /* CreateNewItemViewController.swift in Sources */,
				8E70C1CC2691F445006F1D2C /* PostService.swift in Sources */,
				8E42FEFB261D958100763B61 /* GDONG.xcdatamodeld in Sources */,
				8EF2887C2662A97500840302 /* JusoTableViewCell.swift in Sources */,
				8E1DA7B8268AF13B0049E658 /* GetUserProfileViewController.swift in Sources */,
				8EF8F2092694B8310034BD99 /* LinkTableViewCell.swift in Sources */,
				8E61FDDD26301797008CCB8A /* Dummy.swift in Sources */,
				8EF8F2112694BB1B0034BD99 /* ViewAndLikeTableViewCell.swift in Sources */,
				8EF8F7952681BF36003ADFA9 /* EditProfileViewController.swift in Sources */,
				8EF288732660EE3F00840302 /* LocationViewController.swift in Sources */,
				8E772B8C267C8CA40034C2BF /* TitleTableViewCell.swift in Sources */,
				8EF8F7A426846864003ADFA9 /* ChatViewController.swift in Sources */,
				8E1DA7BA268B69F80049E658 /* Chat.swift in Sources */,
				8E772BA8267C8CD10034C2BF /* SearchFilteringViewController.swift in Sources */,
				8E772BA9267C8CD10034C2BF /* RecentSearchAllTableViewController.swift in Sources */,
				8ED15EA02696D816002943C9 /* InputTableViewCell.swift in Sources */,
				8EF2887526627DDF00840302 /* detailLocationViewController.swift in Sources */,
				8E772BA4267C8CD10034C2BF /* SearchViewController.swift in Sources */,
				8E772B85267C8CA40034C2BF /* ChatListCell.swift in Sources */,
				8EFFBFB026BAA1AF007C1868 /* ChatService.swift in Sources */,
				8EF8F7AF268598DA003ADFA9 /* StorageManager.swift in Sources */,
				8E772B79267C8C750034C2BF /* PhotoCollectionViewCell.swift in Sources */,
				8E772B90267C8CB30034C2BF /* ProfileViewController.swift in Sources */,
				8EF8F7A6268468C5003ADFA9 /* MessageModel.swift in Sources */,
				8E42FEF1261D958100763B61 /* AppDelegate.swift in Sources */,
				409D0E3526B5A64700D67626 /* (null) in Sources */,
				8E772B89267C8CA40034C2BF /* TableViewCell.swift in Sources */,
				8E772BC7267C8FFB0034C2BF /* KeychainItem.swift in Sources */,
				8E772BA2267C8CD10034C2BF /* DetailNoteViewController.swift in Sources */,
				8E772BAA267C8CD10034C2BF /* MainViewController.swift in Sources */,
				8E772BA5267C8CD10034C2BF /* SearchResultViewController.swift in Sources */,
				8ED15EA52696F173002943C9 /* Config.swift in Sources */,
				8E772B88267C8CA40034C2BF /* categoryCollectionViewCell.swift in Sources */,
				8EF288712660EC9500840302 /* NickNameViewController.swift in Sources */,
				8EB54A9426CE2A80009C7F7C /* PushService.swift in Sources */,
				8EB54A9626CE2A9C009C7F7C /* UserService.swift in Sources */,
				8EF8F7982681E5D2003ADFA9 /* FolloTableViewCell.swift in Sources */,
				8E1DA7BC268B6A020049E658 /* ChatUser.swift in Sources */,
				8EB54A9D26CE2B44009C7F7C /* PopularBoardCell.swift in Sources */,
				8E772BAE267C8CD10034C2BF /* SellViewController.swift in Sources */,
				8E772BAF267C8CD10034C2BF /* BuyViewController.swift in Sources */,
				8EF8F7B226859CE7003ADFA9 /* DatabaseManager.swift in Sources */,
				8E772BC3267C8DB80034C2BF /* MainModel.swift in Sources */,
				8E1DA7BE268B6A1F0049E658 /* Messages.swift in Sources */,
				8E772BA7267C8CD10034C2BF /* RecentSearchViewController.swift in Sources */,
				8EF8F2052694B73B0034BD99 /* ContentTableViewCell.swift in Sources */,
				8E772BC5267C8DC00034C2BF /* ChatListModel.swift in Sources */,
				8EDD9A1A2674B046003AFE65 /* UserDefaultKey.swift in Sources */,
				8EC87291266616DF00C1B7C5 /* (null) in Sources */,
				8E772B60267C8C6D0034C2BF /* Extension.swift in Sources */,
				8E772B77267C8C750034C2BF /* CategoryTableViewController.swift in Sources */,
				8E61FDD926301739008CCB8A /* Model.swift in Sources */,
				8E87F2722680FA6C009BFDDB /* FolloViewController.swift in Sources */,
				8E772BA3267C8CD10034C2BF /* ChatListViewController.swift in Sources */,
				8E772BB2267C8CE70034C2BF /* MainViewModel.swift in Sources */,
				8E772BAB267C8CD10034C2BF /* RecommendViewController.swift in Sources */,
				8EF8F20D2694B9620034BD99 /* PriceAndPeopleTableViewCell.swift in Sources */,
				8E772B70267C8C750034C2BF /* ViewCells.swift in Sources */,
				8EB54A9226CE2A63009C7F7C /* LoginService.swift in Sources */,
				8E42FF0A261D9B4600763B61 /* LoginViewController.swift in Sources */,
				8E42FEF3261D958100763B61 /* SceneDelegate.swift in Sources */,
				8E6C083D2624B1D0009CE9C3 /* AuthenticationViewModel.swift in Sources */,
				8E772BC1267C8DAE0034C2BF /* RecommendModel.swift in Sources */,
			);
			runOnlyForDeploymentPostprocessing = 0;
		};
/* End PBXSourcesBuildPhase section */

/* Begin PBXVariantGroup section */
		8E42FEF6261D958100763B61 /* Main.storyboard */ = {
			isa = PBXVariantGroup;
			children = (
				8E42FEF7261D958100763B61 /* Base */,
			);
			name = Main.storyboard;
			sourceTree = "<group>";
		};
		8E42FEFE261D958800763B61 /* LaunchScreen.storyboard */ = {
			isa = PBXVariantGroup;
			children = (
				8E42FEFF261D958800763B61 /* Base */,
			);
			name = LaunchScreen.storyboard;
			sourceTree = "<group>";
		};
/* End PBXVariantGroup section */

/* Begin XCBuildConfiguration section */
		8E42FF02261D958800763B61 /* Debug */ = {
			isa = XCBuildConfiguration;
			buildSettings = {
				ALWAYS_SEARCH_USER_PATHS = NO;
				CLANG_ANALYZER_NONNULL = YES;
				CLANG_ANALYZER_NUMBER_OBJECT_CONVERSION = YES_AGGRESSIVE;
				CLANG_CXX_LANGUAGE_STANDARD = "gnu++14";
				CLANG_CXX_LIBRARY = "libc++";
				CLANG_ENABLE_MODULES = YES;
				CLANG_ENABLE_OBJC_ARC = YES;
				CLANG_ENABLE_OBJC_WEAK = YES;
				CLANG_WARN_BLOCK_CAPTURE_AUTORELEASING = YES;
				CLANG_WARN_BOOL_CONVERSION = YES;
				CLANG_WARN_COMMA = YES;
				CLANG_WARN_CONSTANT_CONVERSION = YES;
				CLANG_WARN_DEPRECATED_OBJC_IMPLEMENTATIONS = YES;
				CLANG_WARN_DIRECT_OBJC_ISA_USAGE = YES_ERROR;
				CLANG_WARN_DOCUMENTATION_COMMENTS = YES;
				CLANG_WARN_EMPTY_BODY = YES;
				CLANG_WARN_ENUM_CONVERSION = YES;
				CLANG_WARN_INFINITE_RECURSION = YES;
				CLANG_WARN_INT_CONVERSION = YES;
				CLANG_WARN_NON_LITERAL_NULL_CONVERSION = YES;
				CLANG_WARN_OBJC_IMPLICIT_RETAIN_SELF = YES;
				CLANG_WARN_OBJC_LITERAL_CONVERSION = YES;
				CLANG_WARN_OBJC_ROOT_CLASS = YES_ERROR;
				CLANG_WARN_QUOTED_INCLUDE_IN_FRAMEWORK_HEADER = YES;
				CLANG_WARN_RANGE_LOOP_ANALYSIS = YES;
				CLANG_WARN_STRICT_PROTOTYPES = YES;
				CLANG_WARN_SUSPICIOUS_MOVE = YES;
				CLANG_WARN_UNGUARDED_AVAILABILITY = YES_AGGRESSIVE;
				CLANG_WARN_UNREACHABLE_CODE = YES;
				CLANG_WARN__DUPLICATE_METHOD_MATCH = YES;
				COPY_PHASE_STRIP = NO;
				DEBUG_INFORMATION_FORMAT = dwarf;
				ENABLE_STRICT_OBJC_MSGSEND = YES;
				ENABLE_TESTABILITY = YES;
				GCC_C_LANGUAGE_STANDARD = gnu11;
				GCC_DYNAMIC_NO_PIC = NO;
				GCC_NO_COMMON_BLOCKS = YES;
				GCC_OPTIMIZATION_LEVEL = 0;
				GCC_PREPROCESSOR_DEFINITIONS = (
					"DEBUG=1",
					"$(inherited)",
				);
				GCC_WARN_64_TO_32_BIT_CONVERSION = YES;
				GCC_WARN_ABOUT_RETURN_TYPE = YES_ERROR;
				GCC_WARN_UNDECLARED_SELECTOR = YES;
				GCC_WARN_UNINITIALIZED_AUTOS = YES_AGGRESSIVE;
				GCC_WARN_UNUSED_FUNCTION = YES;
				GCC_WARN_UNUSED_VARIABLE = YES;
				IPHONEOS_DEPLOYMENT_TARGET = 14.4;
				MTL_ENABLE_DEBUG_INFO = INCLUDE_SOURCE;
				MTL_FAST_MATH = YES;
				ONLY_ACTIVE_ARCH = YES;
				SDKROOT = iphoneos;
				SWIFT_ACTIVE_COMPILATION_CONDITIONS = DEBUG;
				SWIFT_OPTIMIZATION_LEVEL = "-Onone";
			};
			name = Debug;
		};
		8E42FF03261D958800763B61 /* Release */ = {
			isa = XCBuildConfiguration;
			buildSettings = {
				ALWAYS_SEARCH_USER_PATHS = NO;
				CLANG_ANALYZER_NONNULL = YES;
				CLANG_ANALYZER_NUMBER_OBJECT_CONVERSION = YES_AGGRESSIVE;
				CLANG_CXX_LANGUAGE_STANDARD = "gnu++14";
				CLANG_CXX_LIBRARY = "libc++";
				CLANG_ENABLE_MODULES = YES;
				CLANG_ENABLE_OBJC_ARC = YES;
				CLANG_ENABLE_OBJC_WEAK = YES;
				CLANG_WARN_BLOCK_CAPTURE_AUTORELEASING = YES;
				CLANG_WARN_BOOL_CONVERSION = YES;
				CLANG_WARN_COMMA = YES;
				CLANG_WARN_CONSTANT_CONVERSION = YES;
				CLANG_WARN_DEPRECATED_OBJC_IMPLEMENTATIONS = YES;
				CLANG_WARN_DIRECT_OBJC_ISA_USAGE = YES_ERROR;
				CLANG_WARN_DOCUMENTATION_COMMENTS = YES;
				CLANG_WARN_EMPTY_BODY = YES;
				CLANG_WARN_ENUM_CONVERSION = YES;
				CLANG_WARN_INFINITE_RECURSION = YES;
				CLANG_WARN_INT_CONVERSION = YES;
				CLANG_WARN_NON_LITERAL_NULL_CONVERSION = YES;
				CLANG_WARN_OBJC_IMPLICIT_RETAIN_SELF = YES;
				CLANG_WARN_OBJC_LITERAL_CONVERSION = YES;
				CLANG_WARN_OBJC_ROOT_CLASS = YES_ERROR;
				CLANG_WARN_QUOTED_INCLUDE_IN_FRAMEWORK_HEADER = YES;
				CLANG_WARN_RANGE_LOOP_ANALYSIS = YES;
				CLANG_WARN_STRICT_PROTOTYPES = YES;
				CLANG_WARN_SUSPICIOUS_MOVE = YES;
				CLANG_WARN_UNGUARDED_AVAILABILITY = YES_AGGRESSIVE;
				CLANG_WARN_UNREACHABLE_CODE = YES;
				CLANG_WARN__DUPLICATE_METHOD_MATCH = YES;
				COPY_PHASE_STRIP = NO;
				DEBUG_INFORMATION_FORMAT = "dwarf-with-dsym";
				ENABLE_NS_ASSERTIONS = NO;
				ENABLE_STRICT_OBJC_MSGSEND = YES;
				GCC_C_LANGUAGE_STANDARD = gnu11;
				GCC_NO_COMMON_BLOCKS = YES;
				GCC_WARN_64_TO_32_BIT_CONVERSION = YES;
				GCC_WARN_ABOUT_RETURN_TYPE = YES_ERROR;
				GCC_WARN_UNDECLARED_SELECTOR = YES;
				GCC_WARN_UNINITIALIZED_AUTOS = YES_AGGRESSIVE;
				GCC_WARN_UNUSED_FUNCTION = YES;
				GCC_WARN_UNUSED_VARIABLE = YES;
				IPHONEOS_DEPLOYMENT_TARGET = 14.4;
				MTL_ENABLE_DEBUG_INFO = NO;
				MTL_FAST_MATH = YES;
				SDKROOT = iphoneos;
				SWIFT_COMPILATION_MODE = wholemodule;
				SWIFT_OPTIMIZATION_LEVEL = "-O";
				VALIDATE_PRODUCT = YES;
			};
			name = Release;
		};
		8E42FF05261D958800763B61 /* Debug */ = {
			isa = XCBuildConfiguration;
			baseConfigurationReference = EDB6198BF78650B9DC772EC0 /* Pods-GDONG.debug.xcconfig */;
			buildSettings = {
				ASSETCATALOG_COMPILER_APPICON_NAME = AppIcon;
				ASSETCATALOG_COMPILER_GLOBAL_ACCENT_COLOR_NAME = AccentColor;
				CLANG_ENABLE_MODULES = YES;
				CODE_SIGN_ENTITLEMENTS = GDONG/GDONG.entitlements;
				CODE_SIGN_STYLE = Automatic;
				CURRENT_PROJECT_VERSION = 1.1.2;
				DEVELOPMENT_TEAM = FJ57DUH592;
				FRAMEWORK_SEARCH_PATHS = (
					"$(inherited)",
					"\"${PODS_CONFIGURATION_BUILD_DIR}/Alamofire\"",
					"\"${PODS_CONFIGURATION_BUILD_DIR}/AppAuth\"",
					"\"${PODS_CONFIGURATION_BUILD_DIR}/BoringSSL-GRPC\"",
					"\"${PODS_CONFIGURATION_BUILD_DIR}/DLRadioButton\"",
					"\"${PODS_CONFIGURATION_BUILD_DIR}/FirebaseAuth\"",
					"\"${PODS_CONFIGURATION_BUILD_DIR}/FirebaseCore\"",
					"\"${PODS_CONFIGURATION_BUILD_DIR}/FirebaseCoreDiagnostics\"",
					"\"${PODS_CONFIGURATION_BUILD_DIR}/FirebaseDatabase\"",
					"\"${PODS_CONFIGURATION_BUILD_DIR}/FirebaseFirestore\"",
					"\"${PODS_CONFIGURATION_BUILD_DIR}/FirebaseInstallations\"",
					"\"${PODS_CONFIGURATION_BUILD_DIR}/FirebaseStorage\"",
					"\"${PODS_CONFIGURATION_BUILD_DIR}/GTMAppAuth\"",
					"\"${PODS_CONFIGURATION_BUILD_DIR}/GTMSessionFetcher\"",
					"\"${PODS_CONFIGURATION_BUILD_DIR}/GoogleDataTransport\"",
					"\"${PODS_CONFIGURATION_BUILD_DIR}/GoogleUtilities\"",
					"\"${PODS_CONFIGURATION_BUILD_DIR}/InputBarAccessoryView\"",
					"\"${PODS_CONFIGURATION_BUILD_DIR}/JGProgressHUD\"",
					"\"${PODS_CONFIGURATION_BUILD_DIR}/KakaoSDKAuth\"",
					"\"${PODS_CONFIGURATION_BUILD_DIR}/KakaoSDKCommon\"",
					"\"${PODS_CONFIGURATION_BUILD_DIR}/KakaoSDKUser\"",
					"\"${PODS_XCFRAMEWORKS_BUILD_DIR}/GoogleAppMeasurement\"",
					"\"${PODS_CONFIGURATION_BUILD_DIR}/Kingfisher\"",
					"\"${PODS_CONFIGURATION_BUILD_DIR}/MessageKit\"",
					"\"${PODS_CONFIGURATION_BUILD_DIR}/Pageboy\"",
					"\"${PODS_CONFIGURATION_BUILD_DIR}/PagingTableView\"",
					"\"${PODS_CONFIGURATION_BUILD_DIR}/PromisesObjC\"",
					"\"${PODS_CONFIGURATION_BUILD_DIR}/SDWebImage\"",
					"\"${PODS_CONFIGURATION_BUILD_DIR}/Starscream\"",
					"\"${PODS_CONFIGURATION_BUILD_DIR}/TTGTagCollectionView\"",
					"\"${PODS_CONFIGURATION_BUILD_DIR}/Tabman\"",
					"\"${PODS_CONFIGURATION_BUILD_DIR}/abseil\"",
					"\"${PODS_CONFIGURATION_BUILD_DIR}/gRPC-C++\"",
					"\"${PODS_CONFIGURATION_BUILD_DIR}/gRPC-Core\"",
					"\"${PODS_CONFIGURATION_BUILD_DIR}/leveldb-library\"",
					"\"${PODS_CONFIGURATION_BUILD_DIR}/nanopb\"",
					"\"${PODS_ROOT}/FirebaseAnalytics/Frameworks\"",
					"\"${PODS_ROOT}/GoogleAppMeasurement/Frameworks\"",
					"\"${PODS_ROOT}/GoogleSignIn/Frameworks\"",
					"\"${PODS_ROOT}/KakaoOpenSDK\"",
					"\"${PODS_XCFRAMEWORKS_BUILD_DIR}/FirebaseAnalytics\"",
				);
				INFOPLIST_FILE = GDONG/Info.plist;
				LD_RUNPATH_SEARCH_PATHS = (
					"$(inherited)",
					"@executable_path/Frameworks",
				);
				MARKETING_VERSION = 1.1.2;
				PRODUCT_BUNDLE_IDENTIFIER = "Develop.com-GDONG";
				PRODUCT_NAME = "$(TARGET_NAME)";
				SWIFT_OPTIMIZATION_LEVEL = "-Onone";
				SWIFT_VERSION = 5.0;
				TARGETED_DEVICE_FAMILY = "1,2";
			};
			name = Debug;
		};
		8E42FF06261D958800763B61 /* Release */ = {
			isa = XCBuildConfiguration;
			baseConfigurationReference = ED3C4B96BF1AF2716918D5A6 /* Pods-GDONG.release.xcconfig */;
			buildSettings = {
				ASSETCATALOG_COMPILER_APPICON_NAME = AppIcon;
				ASSETCATALOG_COMPILER_GLOBAL_ACCENT_COLOR_NAME = AccentColor;
				CLANG_ENABLE_MODULES = YES;
				CODE_SIGN_ENTITLEMENTS = GDONG/GDONG.entitlements;
				CODE_SIGN_IDENTITY = "Apple Development";
				CODE_SIGN_STYLE = Automatic;
				CURRENT_PROJECT_VERSION = 1.1.2;
				DEVELOPMENT_TEAM = FJ57DUH592;
				FRAMEWORK_SEARCH_PATHS = (
					"$(inherited)",
					"\"${PODS_CONFIGURATION_BUILD_DIR}/Alamofire\"",
					"\"${PODS_CONFIGURATION_BUILD_DIR}/AppAuth\"",
					"\"${PODS_CONFIGURATION_BUILD_DIR}/BoringSSL-GRPC\"",
					"\"${PODS_CONFIGURATION_BUILD_DIR}/DLRadioButton\"",
					"\"${PODS_CONFIGURATION_BUILD_DIR}/FirebaseAuth\"",
					"\"${PODS_CONFIGURATION_BUILD_DIR}/FirebaseCore\"",
					"\"${PODS_CONFIGURATION_BUILD_DIR}/FirebaseCoreDiagnostics\"",
					"\"${PODS_CONFIGURATION_BUILD_DIR}/FirebaseDatabase\"",
					"\"${PODS_CONFIGURATION_BUILD_DIR}/FirebaseFirestore\"",
					"\"${PODS_CONFIGURATION_BUILD_DIR}/FirebaseInstallations\"",
					"\"${PODS_CONFIGURATION_BUILD_DIR}/FirebaseStorage\"",
					"\"${PODS_CONFIGURATION_BUILD_DIR}/GTMAppAuth\"",
					"\"${PODS_CONFIGURATION_BUILD_DIR}/GTMSessionFetcher\"",
					"\"${PODS_CONFIGURATION_BUILD_DIR}/GoogleDataTransport\"",
					"\"${PODS_CONFIGURATION_BUILD_DIR}/GoogleUtilities\"",
					"\"${PODS_CONFIGURATION_BUILD_DIR}/InputBarAccessoryView\"",
					"\"${PODS_CONFIGURATION_BUILD_DIR}/JGProgressHUD\"",
					"\"${PODS_CONFIGURATION_BUILD_DIR}/KakaoSDKAuth\"",
					"\"${PODS_CONFIGURATION_BUILD_DIR}/KakaoSDKCommon\"",
					"\"${PODS_CONFIGURATION_BUILD_DIR}/KakaoSDKUser\"",
					"\"${PODS_XCFRAMEWORKS_BUILD_DIR}/GoogleAppMeasurement\"",
					"\"${PODS_CONFIGURATION_BUILD_DIR}/Kingfisher\"",
					"\"${PODS_CONFIGURATION_BUILD_DIR}/MessageKit\"",
					"\"${PODS_CONFIGURATION_BUILD_DIR}/Pageboy\"",
					"\"${PODS_CONFIGURATION_BUILD_DIR}/PagingTableView\"",
					"\"${PODS_CONFIGURATION_BUILD_DIR}/PromisesObjC\"",
					"\"${PODS_CONFIGURATION_BUILD_DIR}/SDWebImage\"",
					"\"${PODS_CONFIGURATION_BUILD_DIR}/Starscream\"",
					"\"${PODS_CONFIGURATION_BUILD_DIR}/TTGTagCollectionView\"",
					"\"${PODS_CONFIGURATION_BUILD_DIR}/Tabman\"",
					"\"${PODS_CONFIGURATION_BUILD_DIR}/abseil\"",
					"\"${PODS_CONFIGURATION_BUILD_DIR}/gRPC-C++\"",
					"\"${PODS_CONFIGURATION_BUILD_DIR}/gRPC-Core\"",
					"\"${PODS_CONFIGURATION_BUILD_DIR}/leveldb-library\"",
					"\"${PODS_CONFIGURATION_BUILD_DIR}/nanopb\"",
					"\"${PODS_ROOT}/FirebaseAnalytics/Frameworks\"",
					"\"${PODS_ROOT}/GoogleAppMeasurement/Frameworks\"",
					"\"${PODS_ROOT}/GoogleSignIn/Frameworks\"",
					"\"${PODS_ROOT}/KakaoOpenSDK\"",
					"\"${PODS_XCFRAMEWORKS_BUILD_DIR}/FirebaseAnalytics\"",
				);
				INFOPLIST_FILE = GDONG/Info.plist;
				LD_RUNPATH_SEARCH_PATHS = (
					"$(inherited)",
					"@executable_path/Frameworks",
				);
				MARKETING_VERSION = 1.1.2;
				PRODUCT_BUNDLE_IDENTIFIER = "Develop.com-GDONG";
				PRODUCT_NAME = "$(TARGET_NAME)";
				PROVISIONING_PROFILE_SPECIFIER = "";
				SWIFT_VERSION = 5.0;
				TARGETED_DEVICE_FAMILY = "1,2";
			};
			name = Release;
		};
/* End XCBuildConfiguration section */

/* Begin XCConfigurationList section */
		8E42FEE8261D958100763B61 /* Build configuration list for PBXProject "GDONG" */ = {
			isa = XCConfigurationList;
			buildConfigurations = (
				8E42FF02261D958800763B61 /* Debug */,
				8E42FF03261D958800763B61 /* Release */,
			);
			defaultConfigurationIsVisible = 0;
			defaultConfigurationName = Release;
		};
		8E42FF04261D958800763B61 /* Build configuration list for PBXNativeTarget "GDONG" */ = {
			isa = XCConfigurationList;
			buildConfigurations = (
				8E42FF05261D958800763B61 /* Debug */,
				8E42FF06261D958800763B61 /* Release */,
			);
			defaultConfigurationIsVisible = 0;
			defaultConfigurationName = Release;
		};
/* End XCConfigurationList section */

/* Begin XCVersionGroup section */
		8E42FEF9261D958100763B61 /* GDONG.xcdatamodeld */ = {
			isa = XCVersionGroup;
			children = (
				8E42FEFA261D958100763B61 /* GDONG.xcdatamodel */,
			);
			currentVersion = 8E42FEFA261D958100763B61 /* GDONG.xcdatamodel */;
			path = GDONG.xcdatamodeld;
			sourceTree = "<group>";
			versionGroupType = wrapper.xcdatamodel;
		};
/* End XCVersionGroup section */
	};
	rootObject = 8E42FEE5261D958100763B61 /* Project object */;
}
